{
  "name": "@kmamal/reactive",
  "version": "0.0.2",
  "lockfileVersion": 2,
  "requires": true,
  "packages": {
    "": {
      "name": "@kmamal/reactive",
      "version": "0.0.2",
      "license": "MIT",
      "dependencies": {
        "@kmamal/graph": "^0.0.12",
        "@kmamal/util": "^0.0.91"
      }
    },
    "node_modules/@kmamal/graph": {
      "version": "0.0.12",
      "resolved": "https://registry.npmjs.org/@kmamal/graph/-/graph-0.0.12.tgz",
      "integrity": "sha512-sEzCV5uZ5b+0mU9OwD1Zh0oBmpYacu/K+OwSTMAOVvKXw8uC7soyTZ9oi1phO1aaPrjuL+P+L/P6SZ4xHwAtPg==",
      "dependencies": {
        "@kmamal/util": "^0.0.91"
      }
    },
    "node_modules/@kmamal/testing": {
      "version": "0.0.18",
      "resolved": "https://registry.npmjs.org/@kmamal/testing/-/testing-0.0.18.tgz",
      "integrity": "sha512-LdyWPeL1WCDiyUJZZfisUsLALx/WN/XxW5tM1dpxmkW+n75djBY28oDwI2q41KpAH2NYdIcLYUmU0T6ePiu1zA==",
      "dependencies": {
        "@kmamal/util": "^0.0.43"
      }
    },
    "node_modules/@kmamal/testing/node_modules/@kmamal/util": {
      "version": "0.0.43",
      "resolved": "https://registry.npmjs.org/@kmamal/util/-/util-0.0.43.tgz",
      "integrity": "sha512-3p1B8LyVo7NDZrVQqFdrvuAP/wEm+zc0IdRaV3+otE+ehwqZWXBkQs5QrQxjz5aXZb52gq9PfNCs/7daLU5GLA=="
    },
    "node_modules/@kmamal/util": {
      "version": "0.0.91",
      "resolved": "https://registry.npmjs.org/@kmamal/util/-/util-0.0.91.tgz",
      "integrity": "sha512-BLhC395mGrGEyEXzyQj8By2LsS2eKzAJh9y0Jptvw+/a2wpItuwA/1E8kXQ1GjNDU3B/1QUGADJ0rneyivC0xQ==",
      "dependencies": {
        "@kmamal/testing": "^0.0.18"
      }
    }
  },
  "dependencies": {
    "@kmamal/graph": {
      "version": "0.0.12",
      "resolved": "https://registry.npmjs.org/@kmamal/graph/-/graph-0.0.12.tgz",
      "integrity": "sha512-sEzCV5uZ5b+0mU9OwD1Zh0oBmpYacu/K+OwSTMAOVvKXw8uC7soyTZ9oi1phO1aaPrjuL+P+L/P6SZ4xHwAtPg==",
      "requires": {
        "@kmamal/util": "^0.0.91"
      }
    },
    "@kmamal/testing": {
      "version": "0.0.18",
      "resolved": "https://registry.npmjs.org/@kmamal/testing/-/testing-0.0.18.tgz",
      "integrity": "sha512-LdyWPeL1WCDiyUJZZfisUsLALx/WN/XxW5tM1dpxmkW+n75djBY28oDwI2q41KpAH2NYdIcLYUmU0T6ePiu1zA==",
      "requires": {
        "@kmamal/util": "^0.0.43"
      },
      "dependencies": {
        "@kmamal/util": {
          "version": "0.0.43",
          "resolved": "https://registry.npmjs.org/@kmamal/util/-/util-0.0.43.tgz",
          "integrity": "sha512-3p1B8LyVo7NDZrVQqFdrvuAP/wEm+zc0IdRaV3+otE+ehwqZWXBkQs5QrQxjz5aXZb52gq9PfNCs/7daLU5GLA=="
        }
      }
    },
    "@kmamal/util": {
      "version": "0.0.91",
      "resolved": "https://registry.npmjs.org/@kmamal/util/-/util-0.0.91.tgz",
      "integrity": "sha512-BLhC395mGrGEyEXzyQj8By2LsS2eKzAJh9y0Jptvw+/a2wpItuwA/1E8kXQ1GjNDU3B/1QUGADJ0rneyivC0xQ==",
      "requires": {
        "@kmamal/testing": "^0.0.18"
      }
    }
  }
}
